
Microsoft Visual Studio Solution File, Format Version 12.00
# Visual Studio Version 17
VisualStudioVersion = 17.0.31919.166
MinimumVisualStudioVersion = 10.0.40219.1
Project("{FAE04EC0-301F-11D3-BF4B-00C04F79EFBC}") = "Triangulos-avaliacao-academia-do-programador-2022", "Triangulos-avaliacao-academia-do-programador-2022\Triangulos-avaliacao-academia-do-programador-2022.csproj", "{5FEB43B0-41FA-4FBF-91D2-E663CE4FE015}"
EndProject
Global
	GlobalSection(SolutionConfigurationPlatforms) = preSolution
		Debug|Any CPU = Debug|Any CPU
		Release|Any CPU = Release|Any CPU
	EndGlobalSection
	GlobalSection(ProjectConfigurationPlatforms) = postSolution
		{5FEB43B0-41FA-4FBF-91D2-E663CE4FE015}.Debug|Any CPU.ActiveCfg = Debug|Any CPU
		{5FEB43B0-41FA-4FBF-91D2-E663CE4FE015}.Debug|Any CPU.Build.0 = Debug|Any CPU
		{5FEB43B0-41FA-4FBF-91D2-E663CE4FE015}.Release|Any CPU.ActiveCfg = Release|Any CPU
		{5FEB43B0-41FA-4FBF-91D2-E663CE4FE015}.Release|Any CPU.Build.0 = Release|Any CPU
	EndGlobalSection
	GlobalSection(SolutionProperties) = preSolution
		HideSolutionNode = FALSE
	EndGlobalSection
	GlobalSection(ExtensibilityGlobals) = postSolution
		SolutionGuid = {46AB3340-6BF0-496B-A252-CF1721947F38}
	EndGlobalSection
EndGlobal
